// !$*UTF8*$!
{
	archiveVersion = 1;
	classes = {
	};
	objectVersion = 46;
	objects = {

/* Begin PBXBuildFile section */
		B31781E41B43E45C00214F6C /* JobTableViewController.swift in Sources */ = {isa = PBXBuildFile; fileRef = B31781E31B43E45C00214F6C /* JobTableViewController.swift */; };
		B31781E61B43E4E500214F6C /* JobTableViewCell.swift in Sources */ = {isa = PBXBuildFile; fileRef = B31781E51B43E4E500214F6C /* JobTableViewCell.swift */; };
		B31781EA1B43E50400214F6C /* JobJSONParser.swift in Sources */ = {isa = PBXBuildFile; fileRef = B31781E91B43E50400214F6C /* JobJSONParser.swift */; };
		B32C16A61B4A9DF500E10EEA /* MarkdownParser.swift in Sources */ = {isa = PBXBuildFile; fileRef = B32C16A51B4A9DF500E10EEA /* MarkdownParser.swift */; };
		B367417C1B8351FD00046A46 /* ExampleData.swift in Sources */ = {isa = PBXBuildFile; fileRef = B367417B1B8351FD00046A46 /* ExampleData.swift */; };
		B367417E1B8357C200046A46 /* RoomSearchJSONParser.swift in Sources */ = {isa = PBXBuildFile; fileRef = B367417D1B8357C200046A46 /* RoomSearchJSONParser.swift */; };
		B36741811B85E47F00046A46 /* Person.swift in Sources */ = {isa = PBXBuildFile; fileRef = B36741801B85E47F00046A46 /* Person.swift */; };
		B36741831B85F09300046A46 /* Job.swift in Sources */ = {isa = PBXBuildFile; fileRef = B36741821B85F09300046A46 /* Job.swift */; };
		B37EA8941B861E2900D5F700 /* Group.swift in Sources */ = {isa = PBXBuildFile; fileRef = B37EA8931B861E2900D5F700 /* Group.swift */; };
		B37EA8961B8624B100D5F700 /* DetailBlackboardViewController.swift in Sources */ = {isa = PBXBuildFile; fileRef = B37EA8951B8624B100D5F700 /* DetailBlackboardViewController.swift */; };
		B39550061B40541F00DD2F99 /* PubilicTransportationViewController.swift in Sources */ = {isa = PBXBuildFile; fileRef = B39550051B40541F00DD2F99 /* PubilicTransportationViewController.swift */; };
		B39550081B42B4D600DD2F99 /* PublicTransportTableViewCell.swift in Sources */ = {isa = PBXBuildFile; fileRef = B39550071B42B4D600DD2F99 /* PublicTransportTableViewCell.swift */; };
		B395500A1B42B65D00DD2F99 /* PublicTransport.swift in Sources */ = {isa = PBXBuildFile; fileRef = B39550091B42B65D00DD2F99 /* PublicTransport.swift */; };
		B395500C1B42C2B200DD2F99 /* URLs.swift in Sources */ = {isa = PBXBuildFile; fileRef = B395500B1B42C2B200DD2F99 /* URLs.swift */; };
		B395500E1B42D2F400DD2F99 /* PublicTransportJSONParser.swift in Sources */ = {isa = PBXBuildFile; fileRef = B395500D1B42D2F400DD2F99 /* PublicTransportJSONParser.swift */; };
		B39793141B53E66A006E4758 /* Images.xcassets in Resources */ = {isa = PBXBuildFile; fileRef = B39793131B53E66A006E4758 /* Images.xcassets */; };
		B39C437C1B1627D600DB3A93 /* Room.swift in Sources */ = {isa = PBXBuildFile; fileRef = B39C437B1B1627D600DB3A93 /* Room.swift */; };
		B39C437E1B162A5000DB3A93 /* TestViewController.swift in Sources */ = {isa = PBXBuildFile; fileRef = B39C437D1B162A5000DB3A93 /* TestViewController.swift */; };
		B39C43801B16503A00DB3A93 /* RoomTableViewCell.swift in Sources */ = {isa = PBXBuildFile; fileRef = B39C437F1B16503A00DB3A93 /* RoomTableViewCell.swift */; };
		B3C5F6941B30509A00B0F2BF /* RoomsViewController.swift in Sources */ = {isa = PBXBuildFile; fileRef = B3C5F6931B30509900B0F2BF /* RoomsViewController.swift */; };
		B3D75CAF1B12404A00C297A0 /* AppDelegate.swift in Sources */ = {isa = PBXBuildFile; fileRef = B3D75CAE1B12404A00C297A0 /* AppDelegate.swift */; };
		B3D75CB41B12404A00C297A0 /* Main.storyboard in Resources */ = {isa = PBXBuildFile; fileRef = B3D75CB21B12404A00C297A0 /* Main.storyboard */; };
		B3D75CB91B12404A00C297A0 /* LaunchScreen.xib in Resources */ = {isa = PBXBuildFile; fileRef = B3D75CB71B12404A00C297A0 /* LaunchScreen.xib */; };
		B3D75CC51B12404A00C297A0 /* FS_AppTests.swift in Sources */ = {isa = PBXBuildFile; fileRef = B3D75CC41B12404A00C297A0 /* FS_AppTests.swift */; };
		B3E4700E1B4989820083A917 /* DetailJobViewController.swift in Sources */ = {isa = PBXBuildFile; fileRef = B3E4700D1B4989820083A917 /* DetailJobViewController.swift */; };
		B3ED35421B67EE30009FA281 /* Entry.swift in Sources */ = {isa = PBXBuildFile; fileRef = B3ED35411B67EE30009FA281 /* Entry.swift */; };
		B3ED35441B67EF6B009FA281 /* BlackboardTableViewCell.swift in Sources */ = {isa = PBXBuildFile; fileRef = B3ED35431B67EF6B009FA281 /* BlackboardTableViewCell.swift */; };
		B3ED35461B67EF91009FA281 /* BlackboardTableViewController.swift in Sources */ = {isa = PBXBuildFile; fileRef = B3ED35451B67EF91009FA281 /* BlackboardTableViewController.swift */; };
		B3ED35481B67EFBD009FA281 /* BlackboardJSONParser.swift in Sources */ = {isa = PBXBuildFile; fileRef = B3ED35471B67EFBD009FA281 /* BlackboardJSONParser.swift */; };
/* End PBXBuildFile section */

/* Begin PBXContainerItemProxy section */
		B3D75CBF1B12404A00C297A0 /* PBXContainerItemProxy */ = {
			isa = PBXContainerItemProxy;
			containerPortal = B3D75CA11B12404A00C297A0 /* Project object */;
			proxyType = 1;
			remoteGlobalIDString = B3D75CA81B12404A00C297A0;
			remoteInfo = "FS-App";
		};
/* End PBXContainerItemProxy section */

/* Begin PBXFileReference section */
		B31781E31B43E45C00214F6C /* JobTableViewController.swift */ = {isa = PBXFileReference; fileEncoding = 4; lastKnownFileType = sourcecode.swift; path = JobTableViewController.swift; sourceTree = "<group>"; };
		B31781E51B43E4E500214F6C /* JobTableViewCell.swift */ = {isa = PBXFileReference; fileEncoding = 4; lastKnownFileType = sourcecode.swift; path = JobTableViewCell.swift; sourceTree = "<group>"; };
		B31781E91B43E50400214F6C /* JobJSONParser.swift */ = {isa = PBXFileReference; fileEncoding = 4; lastKnownFileType = sourcecode.swift; path = JobJSONParser.swift; sourceTree = "<group>"; };
		B32C16A51B4A9DF500E10EEA /* MarkdownParser.swift */ = {isa = PBXFileReference; fileEncoding = 4; lastKnownFileType = sourcecode.swift; path = MarkdownParser.swift; sourceTree = "<group>"; };
		B367417B1B8351FD00046A46 /* ExampleData.swift */ = {isa = PBXFileReference; fileEncoding = 4; lastKnownFileType = sourcecode.swift; path = ExampleData.swift; sourceTree = "<group>"; };
		B367417D1B8357C200046A46 /* RoomSearchJSONParser.swift */ = {isa = PBXFileReference; fileEncoding = 4; lastKnownFileType = sourcecode.swift; path = RoomSearchJSONParser.swift; sourceTree = "<group>"; };
		B36741801B85E47F00046A46 /* Person.swift */ = {isa = PBXFileReference; fileEncoding = 4; lastKnownFileType = sourcecode.swift; path = Person.swift; sourceTree = "<group>"; };
		B36741821B85F09300046A46 /* Job.swift */ = {isa = PBXFileReference; fileEncoding = 4; lastKnownFileType = sourcecode.swift; path = Job.swift; sourceTree = "<group>"; };
		B37EA8931B861E2900D5F700 /* Group.swift */ = {isa = PBXFileReference; fileEncoding = 4; lastKnownFileType = sourcecode.swift; path = Group.swift; sourceTree = "<group>"; };
		B37EA8951B8624B100D5F700 /* DetailBlackboardViewController.swift */ = {isa = PBXFileReference; fileEncoding = 4; lastKnownFileType = sourcecode.swift; path = DetailBlackboardViewController.swift; sourceTree = "<group>"; };
		B39550051B40541F00DD2F99 /* PubilicTransportationViewController.swift */ = {isa = PBXFileReference; fileEncoding = 4; lastKnownFileType = sourcecode.swift; path = PubilicTransportationViewController.swift; sourceTree = "<group>"; };
		B39550071B42B4D600DD2F99 /* PublicTransportTableViewCell.swift */ = {isa = PBXFileReference; fileEncoding = 4; lastKnownFileType = sourcecode.swift; path = PublicTransportTableViewCell.swift; sourceTree = "<group>"; };
		B39550091B42B65D00DD2F99 /* PublicTransport.swift */ = {isa = PBXFileReference; fileEncoding = 4; lastKnownFileType = sourcecode.swift; path = PublicTransport.swift; sourceTree = "<group>"; };
		B395500B1B42C2B200DD2F99 /* URLs.swift */ = {isa = PBXFileReference; fileEncoding = 4; lastKnownFileType = sourcecode.swift; path = URLs.swift; sourceTree = "<group>"; };
		B395500D1B42D2F400DD2F99 /* PublicTransportJSONParser.swift */ = {isa = PBXFileReference; fileEncoding = 4; lastKnownFileType = sourcecode.swift; path = PublicTransportJSONParser.swift; sourceTree = "<group>"; };
		B39793131B53E66A006E4758 /* Images.xcassets */ = {isa = PBXFileReference; lastKnownFileType = folder.assetcatalog; path = Images.xcassets; sourceTree = "<group>"; };
		B39C437B1B1627D600DB3A93 /* Room.swift */ = {isa = PBXFileReference; fileEncoding = 4; lastKnownFileType = sourcecode.swift; name = Room.swift; path = "FS-App/Room.swift"; sourceTree = "<group>"; };
		B39C437D1B162A5000DB3A93 /* TestViewController.swift */ = {isa = PBXFileReference; fileEncoding = 4; lastKnownFileType = sourcecode.swift; path = TestViewController.swift; sourceTree = "<group>"; };
		B39C437F1B16503A00DB3A93 /* RoomTableViewCell.swift */ = {isa = PBXFileReference; fileEncoding = 4; lastKnownFileType = sourcecode.swift; path = RoomTableViewCell.swift; sourceTree = "<group>"; };
		B3C5F6931B30509900B0F2BF /* RoomsViewController.swift */ = {isa = PBXFileReference; fileEncoding = 4; lastKnownFileType = sourcecode.swift; path = RoomsViewController.swift; sourceTree = "<group>"; };
		B3D75CA91B12404A00C297A0 /* FS-App.app */ = {isa = PBXFileReference; explicitFileType = wrapper.application; includeInIndex = 0; path = "FS-App.app"; sourceTree = BUILT_PRODUCTS_DIR; };
		B3D75CAD1B12404A00C297A0 /* Info.plist */ = {isa = PBXFileReference; lastKnownFileType = text.plist.xml; path = Info.plist; sourceTree = "<group>"; };
		B3D75CAE1B12404A00C297A0 /* AppDelegate.swift */ = {isa = PBXFileReference; lastKnownFileType = sourcecode.swift; path = AppDelegate.swift; sourceTree = "<group>"; };
		B3D75CB31B12404A00C297A0 /* Base */ = {isa = PBXFileReference; lastKnownFileType = file.storyboard; name = Base; path = Base.lproj/Main.storyboard; sourceTree = "<group>"; };
		B3D75CB81B12404A00C297A0 /* Base */ = {isa = PBXFileReference; lastKnownFileType = file.xib; name = Base; path = Base.lproj/LaunchScreen.xib; sourceTree = "<group>"; };
		B3D75CBE1B12404A00C297A0 /* FS-AppTests.xctest */ = {isa = PBXFileReference; explicitFileType = wrapper.cfbundle; includeInIndex = 0; path = "FS-AppTests.xctest"; sourceTree = BUILT_PRODUCTS_DIR; };
		B3D75CC31B12404A00C297A0 /* Info.plist */ = {isa = PBXFileReference; lastKnownFileType = text.plist.xml; path = Info.plist; sourceTree = "<group>"; };
		B3D75CC41B12404A00C297A0 /* FS_AppTests.swift */ = {isa = PBXFileReference; lastKnownFileType = sourcecode.swift; path = FS_AppTests.swift; sourceTree = "<group>"; };
		B3E4700D1B4989820083A917 /* DetailJobViewController.swift */ = {isa = PBXFileReference; fileEncoding = 4; lastKnownFileType = sourcecode.swift; path = DetailJobViewController.swift; sourceTree = "<group>"; };
		B3ED35411B67EE30009FA281 /* Entry.swift */ = {isa = PBXFileReference; fileEncoding = 4; lastKnownFileType = sourcecode.swift; path = Entry.swift; sourceTree = "<group>"; };
		B3ED35431B67EF6B009FA281 /* BlackboardTableViewCell.swift */ = {isa = PBXFileReference; fileEncoding = 4; lastKnownFileType = sourcecode.swift; path = BlackboardTableViewCell.swift; sourceTree = "<group>"; };
		B3ED35451B67EF91009FA281 /* BlackboardTableViewController.swift */ = {isa = PBXFileReference; fileEncoding = 4; lastKnownFileType = sourcecode.swift; path = BlackboardTableViewController.swift; sourceTree = "<group>"; };
		B3ED35471B67EFBD009FA281 /* BlackboardJSONParser.swift */ = {isa = PBXFileReference; fileEncoding = 4; lastKnownFileType = sourcecode.swift; path = BlackboardJSONParser.swift; sourceTree = "<group>"; };
/* End PBXFileReference section */

/* Begin PBXFrameworksBuildPhase section */
		B3D75CA61B12404A00C297A0 /* Frameworks */ = {
			isa = PBXFrameworksBuildPhase;
			buildActionMask = 2147483647;
			files = (
			);
			runOnlyForDeploymentPostprocessing = 0;
		};
		B3D75CBB1B12404A00C297A0 /* Frameworks */ = {
			isa = PBXFrameworksBuildPhase;
			buildActionMask = 2147483647;
			files = (
			);
			runOnlyForDeploymentPostprocessing = 0;
		};
/* End PBXFrameworksBuildPhase section */

/* Begin PBXGroup section */
		B31781E21B43DB3300214F6C /* Job */ = {
			isa = PBXGroup;
			children = (
				B31781E31B43E45C00214F6C /* JobTableViewController.swift */,
				B31781E51B43E4E500214F6C /* JobTableViewCell.swift */,
				B31781E91B43E50400214F6C /* JobJSONParser.swift */,
				B36741821B85F09300046A46 /* Job.swift */,
				B3E4700D1B4989820083A917 /* DetailJobViewController.swift */,
				B32C16A51B4A9DF500E10EEA /* MarkdownParser.swift */,
				B36741801B85E47F00046A46 /* Person.swift */,
			);
			name = Job;
			sourceTree = "<group>";
		};
		B39550041B4051E500DD2F99 /* PublicTransportation */ = {
			isa = PBXGroup;
			children = (
				B39550051B40541F00DD2F99 /* PubilicTransportationViewController.swift */,
				B39550071B42B4D600DD2F99 /* PublicTransportTableViewCell.swift */,
				B39550091B42B65D00DD2F99 /* PublicTransport.swift */,
				B395500D1B42D2F400DD2F99 /* PublicTransportJSONParser.swift */,
			);
			name = PublicTransportation;
			sourceTree = "<group>";
		};
		B3D75CA01B12404A00C297A0 = {
			isa = PBXGroup;
			children = (
				B3D75CAB1B12404A00C297A0 /* FS-App */,
				B3D75CC11B12404A00C297A0 /* FS-AppTests */,
				B3D75CAA1B12404A00C297A0 /* Products */,
			);
			sourceTree = "<group>";
		};
		B3D75CAA1B12404A00C297A0 /* Products */ = {
			isa = PBXGroup;
			children = (
				B3D75CA91B12404A00C297A0 /* FS-App.app */,
				B3D75CBE1B12404A00C297A0 /* FS-AppTests.xctest */,
			);
			name = Products;
			sourceTree = "<group>";
		};
		B3D75CAB1B12404A00C297A0 /* FS-App */ = {
			isa = PBXGroup;
			children = (
				B3ED35401B67EE0B009FA281 /* Blackboard */,
				B3F982351B170A7E003DDCDB /* Test */,
				B31781E21B43DB3300214F6C /* Job */,
				B39550041B4051E500DD2F99 /* PublicTransportation */,
				B3F982341B170A6B003DDCDB /* Common */,
				B3F982331B1707DA003DDCDB /* RoomSearch */,
				B3D75CAC1B12404A00C297A0 /* Supporting Files */,
				B367417B1B8351FD00046A46 /* ExampleData.swift */,
			);
			path = "FS-App";
			sourceTree = "<group>";
		};
		B3D75CAC1B12404A00C297A0 /* Supporting Files */ = {
			isa = PBXGroup;
			children = (
				B3D75CAE1B12404A00C297A0 /* AppDelegate.swift */,
				B3D75CAD1B12404A00C297A0 /* Info.plist */,
			);
			name = "Supporting Files";
			sourceTree = "<group>";
		};
		B3D75CC11B12404A00C297A0 /* FS-AppTests */ = {
			isa = PBXGroup;
			children = (
				B3D75CC41B12404A00C297A0 /* FS_AppTests.swift */,
				B3D75CC21B12404A00C297A0 /* Supporting Files */,
			);
			path = "FS-AppTests";
			sourceTree = "<group>";
		};
		B3D75CC21B12404A00C297A0 /* Supporting Files */ = {
			isa = PBXGroup;
			children = (
				B3D75CC31B12404A00C297A0 /* Info.plist */,
			);
			name = "Supporting Files";
			sourceTree = "<group>";
		};
		B3ED35401B67EE0B009FA281 /* Blackboard */ = {
			isa = PBXGroup;
			children = (
				B3ED35411B67EE30009FA281 /* Entry.swift */,
				B3ED35431B67EF6B009FA281 /* BlackboardTableViewCell.swift */,
				B3ED35451B67EF91009FA281 /* BlackboardTableViewController.swift */,
				B3ED35471B67EFBD009FA281 /* BlackboardJSONParser.swift */,
				B37EA8951B8624B100D5F700 /* DetailBlackboardViewController.swift */,
			);
			name = Blackboard;
			sourceTree = "<group>";
		};
		B3F982331B1707DA003DDCDB /* RoomSearch */ = {
			isa = PBXGroup;
			children = (
				B39C437B1B1627D600DB3A93 /* Room.swift */,
				B39C437F1B16503A00DB3A93 /* RoomTableViewCell.swift */,
				B3C5F6931B30509900B0F2BF /* RoomsViewController.swift */,
				B367417D1B8357C200046A46 /* RoomSearchJSONParser.swift */,
			);
			name = RoomSearch;
			path = ..;
			sourceTree = "<group>";
		};
		B3F982341B170A6B003DDCDB /* Common */ = {
			isa = PBXGroup;
			children = (
				B39793131B53E66A006E4758 /* Images.xcassets */,
				B3D75CB21B12404A00C297A0 /* Main.storyboard */,
				B3D75CB71B12404A00C297A0 /* LaunchScreen.xib */,
				B395500B1B42C2B200DD2F99 /* URLs.swift */,
				B37EA8931B861E2900D5F700 /* Group.swift */,
			);
			name = Common;
			sourceTree = "<group>";
		};
		B3F982351B170A7E003DDCDB /* Test */ = {
			isa = PBXGroup;
			children = (
				B39C437D1B162A5000DB3A93 /* TestViewController.swift */,
			);
			name = Test;
			sourceTree = "<group>";
		};
/* End PBXGroup section */

/* Begin PBXNativeTarget section */
		B3D75CA81B12404A00C297A0 /* FS-App */ = {
			isa = PBXNativeTarget;
			buildConfigurationList = B3D75CC81B12404A00C297A0 /* Build configuration list for PBXNativeTarget "FS-App" */;
			buildPhases = (
				B3D75CA51B12404A00C297A0 /* Sources */,
				B3D75CA61B12404A00C297A0 /* Frameworks */,
				B3D75CA71B12404A00C297A0 /* Resources */,
				B367417F1B83654A00046A46 /* ShellScript */,
			);
			buildRules = (
			);
			dependencies = (
			);
			name = "FS-App";
			productName = "FS-App";
			productReference = B3D75CA91B12404A00C297A0 /* FS-App.app */;
			productType = "com.apple.product-type.application";
		};
		B3D75CBD1B12404A00C297A0 /* FS-AppTests */ = {
			isa = PBXNativeTarget;
			buildConfigurationList = B3D75CCB1B12404A00C297A0 /* Build configuration list for PBXNativeTarget "FS-AppTests" */;
			buildPhases = (
				B3D75CBA1B12404A00C297A0 /* Sources */,
				B3D75CBB1B12404A00C297A0 /* Frameworks */,
				B3D75CBC1B12404A00C297A0 /* Resources */,
			);
			buildRules = (
			);
			dependencies = (
				B3D75CC01B12404A00C297A0 /* PBXTargetDependency */,
			);
			name = "FS-AppTests";
			productName = "FS-AppTests";
			productReference = B3D75CBE1B12404A00C297A0 /* FS-AppTests.xctest */;
			productType = "com.apple.product-type.bundle.unit-test";
		};
/* End PBXNativeTarget section */

/* Begin PBXProject section */
		B3D75CA11B12404A00C297A0 /* Project object */ = {
			isa = PBXProject;
			attributes = {
				LastUpgradeCheck = 0630;
				ORGANIZATIONNAME = Fachschaft07;
				TargetAttributes = {
					B3D75CA81B12404A00C297A0 = {
						CreatedOnToolsVersion = 6.3.2;
					};
					B3D75CBD1B12404A00C297A0 = {
						CreatedOnToolsVersion = 6.3.2;
						TestTargetID = B3D75CA81B12404A00C297A0;
					};
				};
			};
			buildConfigurationList = B3D75CA41B12404A00C297A0 /* Build configuration list for PBXProject "FS-App" */;
			compatibilityVersion = "Xcode 3.2";
			developmentRegion = English;
			hasScannedForEncodings = 0;
			knownRegions = (
				en,
				Base,
			);
			mainGroup = B3D75CA01B12404A00C297A0;
			productRefGroup = B3D75CAA1B12404A00C297A0 /* Products */;
			projectDirPath = "";
			projectRoot = "";
			targets = (
				B3D75CA81B12404A00C297A0 /* FS-App */,
				B3D75CBD1B12404A00C297A0 /* FS-AppTests */,
			);
		};
/* End PBXProject section */

/* Begin PBXResourcesBuildPhase section */
		B3D75CA71B12404A00C297A0 /* Resources */ = {
			isa = PBXResourcesBuildPhase;
			buildActionMask = 2147483647;
			files = (
				B39793141B53E66A006E4758 /* Images.xcassets in Resources */,
				B3D75CB41B12404A00C297A0 /* Main.storyboard in Resources */,
				B3D75CB91B12404A00C297A0 /* LaunchScreen.xib in Resources */,
			);
			runOnlyForDeploymentPostprocessing = 0;
		};
		B3D75CBC1B12404A00C297A0 /* Resources */ = {
			isa = PBXResourcesBuildPhase;
			buildActionMask = 2147483647;
			files = (
			);
			runOnlyForDeploymentPostprocessing = 0;
		};
/* End PBXResourcesBuildPhase section */

/* Begin PBXShellScriptBuildPhase section */
		B367417F1B83654A00046A46 /* ShellScript */ = {
			isa = PBXShellScriptBuildPhase;
			buildActionMask = 2147483647;
			files = (
			);
			inputPaths = (
			);
			outputPaths = (
			);
			runOnlyForDeploymentPostprocessing = 0;
			shellPath = /bin/sh;
			shellScript = "TAGS=\"TODO:|FIXME:\"\necho \"searching ${SRCROOT} for ${TAGS}\"\nfind \"${SRCROOT}\" \\( -name \"*.swift\" \\) -print0 | xargs -0 egrep --with-filename --line-number --only-matching \"($TAGS).*\\$\" | perl -p -e \"s/($TAGS)/ warning: \\$1/\"";
		};
/* End PBXShellScriptBuildPhase section */

/* Begin PBXSourcesBuildPhase section */
		B3D75CA51B12404A00C297A0 /* Sources */ = {
			isa = PBXSourcesBuildPhase;
			buildActionMask = 2147483647;
			files = (
				B3ED35441B67EF6B009FA281 /* BlackboardTableViewCell.swift in Sources */,
				B3ED35481B67EFBD009FA281 /* BlackboardJSONParser.swift in Sources */,
				B3ED35421B67EE30009FA281 /* Entry.swift in Sources */,
				B37EA8941B861E2900D5F700 /* Group.swift in Sources */,
				B39C43801B16503A00DB3A93 /* RoomTableViewCell.swift in Sources */,
				B39C437E1B162A5000DB3A93 /* TestViewController.swift in Sources */,
				B39550061B40541F00DD2F99 /* PubilicTransportationViewController.swift in Sources */,
				B3C5F6941B30509A00B0F2BF /* RoomsViewController.swift in Sources */,
				B395500A1B42B65D00DD2F99 /* PublicTransport.swift in Sources */,
				B367417E1B8357C200046A46 /* RoomSearchJSONParser.swift in Sources */,
				B32C16A61B4A9DF500E10EEA /* MarkdownParser.swift in Sources */,
				B3E4700E1B4989820083A917 /* DetailJobViewController.swift in Sources */,
				B31781E41B43E45C00214F6C /* JobTableViewController.swift in Sources */,
				B36741811B85E47F00046A46 /* Person.swift in Sources */,
				B395500C1B42C2B200DD2F99 /* URLs.swift in Sources */,
				B31781E61B43E4E500214F6C /* JobTableViewCell.swift in Sources */,
				B3ED35461B67EF91009FA281 /* BlackboardTableViewController.swift in Sources */,
				B395500E1B42D2F400DD2F99 /* PublicTransportJSONParser.swift in Sources */,
				B39550081B42B4D600DD2F99 /* PublicTransportTableViewCell.swift in Sources */,
				B31781EA1B43E50400214F6C /* JobJSONParser.swift in Sources */,
				B36741831B85F09300046A46 /* Job.swift in Sources */,
				B39C437C1B1627D600DB3A93 /* Room.swift in Sources */,
				B37EA8961B8624B100D5F700 /* DetailBlackboardViewController.swift in Sources */,
				B3D75CAF1B12404A00C297A0 /* AppDelegate.swift in Sources */,
				B367417C1B8351FD00046A46 /* ExampleData.swift in Sources */,
			);
			runOnlyForDeploymentPostprocessing = 0;
		};
		B3D75CBA1B12404A00C297A0 /* Sources */ = {
			isa = PBXSourcesBuildPhase;
			buildActionMask = 2147483647;
			files = (
				B3D75CC51B12404A00C297A0 /* FS_AppTests.swift in Sources */,
			);
			runOnlyForDeploymentPostprocessing = 0;
		};
/* End PBXSourcesBuildPhase section */

/* Begin PBXTargetDependency section */
		B3D75CC01B12404A00C297A0 /* PBXTargetDependency */ = {
			isa = PBXTargetDependency;
			target = B3D75CA81B12404A00C297A0 /* FS-App */;
			targetProxy = B3D75CBF1B12404A00C297A0 /* PBXContainerItemProxy */;
		};
/* End PBXTargetDependency section */

/* Begin PBXVariantGroup section */
		B3D75CB21B12404A00C297A0 /* Main.storyboard */ = {
			isa = PBXVariantGroup;
			children = (
				B3D75CB31B12404A00C297A0 /* Base */,
			);
			name = Main.storyboard;
			sourceTree = "<group>";
		};
		B3D75CB71B12404A00C297A0 /* LaunchScreen.xib */ = {
			isa = PBXVariantGroup;
			children = (
				B3D75CB81B12404A00C297A0 /* Base */,
			);
			name = LaunchScreen.xib;
			sourceTree = "<group>";
		};
/* End PBXVariantGroup section */

/* Begin XCBuildConfiguration section */
		B3D75CC61B12404A00C297A0 /* Debug */ = {
			isa = XCBuildConfiguration;
			buildSettings = {
				ALWAYS_SEARCH_USER_PATHS = NO;
				CLANG_CXX_LANGUAGE_STANDARD = "gnu++0x";
				CLANG_CXX_LIBRARY = "libc++";
				CLANG_ENABLE_MODULES = YES;
				CLANG_ENABLE_OBJC_ARC = YES;
				CLANG_WARN_BOOL_CONVERSION = YES;
				CLANG_WARN_CONSTANT_CONVERSION = YES;
				CLANG_WARN_DIRECT_OBJC_ISA_USAGE = YES_ERROR;
				CLANG_WARN_EMPTY_BODY = YES;
				CLANG_WARN_ENUM_CONVERSION = YES;
				CLANG_WARN_INT_CONVERSION = YES;
				CLANG_WARN_OBJC_ROOT_CLASS = YES_ERROR;
				CLANG_WARN_UNREACHABLE_CODE = YES;
				CLANG_WARN__DUPLICATE_METHOD_MATCH = YES;
				"CODE_SIGN_IDENTITY[sdk=iphoneos*]" = "iPhone Developer";
				COPY_PHASE_STRIP = NO;
				DEBUG_INFORMATION_FORMAT = "dwarf-with-dsym";
				ENABLE_STRICT_OBJC_MSGSEND = YES;
				GCC_C_LANGUAGE_STANDARD = gnu99;
				GCC_DYNAMIC_NO_PIC = NO;
				GCC_NO_COMMON_BLOCKS = YES;
				GCC_OPTIMIZATION_LEVEL = 0;
				GCC_PREPROCESSOR_DEFINITIONS = (
					"DEBUG=1",
					"$(inherited)",
				);
				GCC_SYMBOLS_PRIVATE_EXTERN = NO;
				GCC_WARN_64_TO_32_BIT_CONVERSION = YES;
				GCC_WARN_ABOUT_RETURN_TYPE = YES_ERROR;
				GCC_WARN_UNDECLARED_SELECTOR = YES;
				GCC_WARN_UNINITIALIZED_AUTOS = YES_AGGRESSIVE;
				GCC_WARN_UNUSED_FUNCTION = YES;
				GCC_WARN_UNUSED_VARIABLE = YES;
				IPHONEOS_DEPLOYMENT_TARGET = 8.3;
				MTL_ENABLE_DEBUG_INFO = YES;
				ONLY_ACTIVE_ARCH = YES;
				SDKROOT = iphoneos;
				SWIFT_OPTIMIZATION_LEVEL = "-Onone";
				TARGETED_DEVICE_FAMILY = "1,2";
			};
			name = Debug;
		};
		B3D75CC71B12404A00C297A0 /* Release */ = {
			isa = XCBuildConfiguration;
			buildSettings = {
				ALWAYS_SEARCH_USER_PATHS = NO;
				CLANG_CXX_LANGUAGE_STANDARD = "gnu++0x";
				CLANG_CXX_LIBRARY = "libc++";
				CLANG_ENABLE_MODULES = YES;
				CLANG_ENABLE_OBJC_ARC = YES;
				CLANG_WARN_BOOL_CONVERSION = YES;
				CLANG_WARN_CONSTANT_CONVERSION = YES;
				CLANG_WARN_DIRECT_OBJC_ISA_USAGE = YES_ERROR;
				CLANG_WARN_EMPTY_BODY = YES;
				CLANG_WARN_ENUM_CONVERSION = YES;
				CLANG_WARN_INT_CONVERSION = YES;
				CLANG_WARN_OBJC_ROOT_CLASS = YES_ERROR;
				CLANG_WARN_UNREACHABLE_CODE = YES;
				CLANG_WARN__DUPLICATE_METHOD_MATCH = YES;
				"CODE_SIGN_IDENTITY[sdk=iphoneos*]" = "iPhone Developer";
				COPY_PHASE_STRIP = NO;
				DEBUG_INFORMATION_FORMAT = "dwarf-with-dsym";
				ENABLE_NS_ASSERTIONS = NO;
				ENABLE_STRICT_OBJC_MSGSEND = YES;
				GCC_C_LANGUAGE_STANDARD = gnu99;
				GCC_NO_COMMON_BLOCKS = YES;
				GCC_WARN_64_TO_32_BIT_CONVERSION = YES;
				GCC_WARN_ABOUT_RETURN_TYPE = YES_ERROR;
				GCC_WARN_UNDECLARED_SELECTOR = YES;
				GCC_WARN_UNINITIALIZED_AUTOS = YES_AGGRESSIVE;
				GCC_WARN_UNUSED_FUNCTION = YES;
				GCC_WARN_UNUSED_VARIABLE = YES;
				IPHONEOS_DEPLOYMENT_TARGET = 8.3;
				MTL_ENABLE_DEBUG_INFO = NO;
				SDKROOT = iphoneos;
				TARGETED_DEVICE_FAMILY = "1,2";
				VALIDATE_PRODUCT = YES;
			};
			name = Release;
		};
		B3D75CC91B12404A00C297A0 /* Debug */ = {
			isa = XCBuildConfiguration;
			buildSettings = {
				ASSETCATALOG_COMPILER_APPICON_NAME = AppIcon;
				ASSETCATALOG_COMPILER_LAUNCHIMAGE_NAME = LaunchImage;
				INFOPLIST_FILE = "FS-App/Info.plist";
				LD_RUNPATH_SEARCH_PATHS = "$(inherited) @executable_path/Frameworks";
				PRODUCT_NAME = "$(TARGET_NAME)";
				TARGETED_DEVICE_FAMILY = "1,2";
			};
			name = Debug;
		};
		B3D75CCA1B12404A00C297A0 /* Release */ = {
			isa = XCBuildConfiguration;
			buildSettings = {
				ASSETCATALOG_COMPILER_APPICON_NAME = AppIcon;
				ASSETCATALOG_COMPILER_LAUNCHIMAGE_NAME = LaunchImage;
				INFOPLIST_FILE = "FS-App/Info.plist";
				LD_RUNPATH_SEARCH_PATHS = "$(inherited) @executable_path/Frameworks";
				PRODUCT_NAME = "$(TARGET_NAME)";
				TARGETED_DEVICE_FAMILY = "1,2";
			};
			name = Release;
		};
		B3D75CCC1B12404A00C297A0 /* Debug */ = {
			isa = XCBuildConfiguration;
			buildSettings = {
				BUNDLE_LOADER = "$(TEST_HOST)";
				FRAMEWORK_SEARCH_PATHS = (
					"$(SDKROOT)/Developer/Library/Frameworks",
					"$(inherited)",
				);
				GCC_PREPROCESSOR_DEFINITIONS = (
					"DEBUG=1",
					"$(inherited)",
				);
				INFOPLIST_FILE = "FS-AppTests/Info.plist";
				LD_RUNPATH_SEARCH_PATHS = "$(inherited) @executable_path/Frameworks @loader_path/Frameworks";
				PRODUCT_NAME = "$(TARGET_NAME)";
				TEST_HOST = "$(BUILT_PRODUCTS_DIR)/FS-App.app/FS-App";
			};
			name = Debug;
		};
		B3D75CCD1B12404A00C297A0 /* Release */ = {
			isa = XCBuildConfiguration;
			buildSettings = {
				BUNDLE_LOADER = "$(TEST_HOST)";
				FRAMEWORK_SEARCH_PATHS = (
					"$(SDKROOT)/Developer/Library/Frameworks",
					"$(inherited)",
				);
				INFOPLIST_FILE = "FS-AppTests/Info.plist";
				LD_RUNPATH_SEARCH_PATHS = "$(inherited) @executable_path/Frameworks @loader_path/Frameworks";
				PRODUCT_NAME = "$(TARGET_NAME)";
				TEST_HOST = "$(BUILT_PRODUCTS_DIR)/FS-App.app/FS-App";
			};
			name = Release;
		};
/* End XCBuildConfiguration section */

/* Begin XCConfigurationList section */
		B3D75CA41B12404A00C297A0 /* Build configuration list for PBXProject "FS-App" */ = {
			isa = XCConfigurationList;
			buildConfigurations = (
				B3D75CC61B12404A00C297A0 /* Debug */,
				B3D75CC71B12404A00C297A0 /* Release */,
			);
			defaultConfigurationIsVisible = 0;
			defaultConfigurationName = Release;
		};
		B3D75CC81B12404A00C297A0 /* Build configuration list for PBXNativeTarget "FS-App" */ = {
			isa = XCConfigurationList;
			buildConfigurations = (
				B3D75CC91B12404A00C297A0 /* Debug */,
				B3D75CCA1B12404A00C297A0 /* Release */,
			);
			defaultConfigurationIsVisible = 0;
			defaultConfigurationName = Release;
		};
		B3D75CCB1B12404A00C297A0 /* Build configuration list for PBXNativeTarget "FS-AppTests" */ = {
			isa = XCConfigurationList;
			buildConfigurations = (
				B3D75CCC1B12404A00C297A0 /* Debug */,
				B3D75CCD1B12404A00C297A0 /* Release */,
			);
			defaultConfigurationIsVisible = 0;
			defaultConfigurationName = Release;
		};
/* End XCConfigurationList section */
	};
	rootObject = B3D75CA11B12404A00C297A0 /* Project object */;
}
